Microsoft Visual Studio Solution File, Format Version 12.00
# Visual Studio 16
Project("{8BC9CEB8-8B4A-11D0-8D11-00A0C91BC942}") = "ALL_BUILD", "ALL_BUILD.vcxproj", "{2391ECC7-305F-3CE5-BE58-0942289357E0}"
	ProjectSection(ProjectDependencies) = postProject
		{D4941DAA-D1EB-3A8D-8172-76EFF8BA601A} = {D4941DAA-D1EB-3A8D-8172-76EFF8BA601A}
		{C6468E26-609F-3D67-8214-79135D51F806} = {C6468E26-609F-3D67-8214-79135D51F806}
	EndProjectSection
EndProject
Project("{8BC9CEB8-8B4A-11D0-8D11-00A0C91BC942}") = "ZERO_CHECK", "ZERO_CHECK.vcxproj", "{D4941DAA-D1EB-3A8D-8172-76EFF8BA601A}"
	ProjectSection(ProjectDependencies) = postProject
	EndProjectSection
EndProject
Project("{8BC9CEB8-8B4A-11D0-8D11-00A0C91BC942}") = "main", "main.vcxproj", "{C6468E26-609F-3D67-8214-79135D51F806}"
	ProjectSection(ProjectDependencies) = postProject
		{D4941DAA-D1EB-3A8D-8172-76EFF8BA601A} = {D4941DAA-D1EB-3A8D-8172-76EFF8BA601A}
	EndProjectSection
EndProject
Global
	GlobalSection(SolutionConfigurationPlatforms) = preSolution
		Debug|x64 = Debug|x64
		Release|x64 = Release|x64
		MinSizeRel|x64 = MinSizeRel|x64
		RelWithDebInfo|x64 = RelWithDebInfo|x64
	EndGlobalSection
	GlobalSection(ProjectConfigurationPlatforms) = postSolution
		{2391ECC7-305F-3CE5-BE58-0942289357E0}.Debug|x64.ActiveCfg = Debug|x64
		{2391ECC7-305F-3CE5-BE58-0942289357E0}.Release|x64.ActiveCfg = Release|x64
		{2391ECC7-305F-3CE5-BE58-0942289357E0}.MinSizeRel|x64.ActiveCfg = MinSizeRel|x64
		{2391ECC7-305F-3CE5-BE58-0942289357E0}.RelWithDebInfo|x64.ActiveCfg = RelWithDebInfo|x64
		{D4941DAA-D1EB-3A8D-8172-76EFF8BA601A}.Debug|x64.ActiveCfg = Debug|x64
		{D4941DAA-D1EB-3A8D-8172-76EFF8BA601A}.Debug|x64.Build.0 = Debug|x64
		{D4941DAA-D1EB-3A8D-8172-76EFF8BA601A}.Release|x64.ActiveCfg = Release|x64
		{D4941DAA-D1EB-3A8D-8172-76EFF8BA601A}.Release|x64.Build.0 = Release|x64
		{D4941DAA-D1EB-3A8D-8172-76EFF8BA601A}.MinSizeRel|x64.ActiveCfg = MinSizeRel|x64
		{D4941DAA-D1EB-3A8D-8172-76EFF8BA601A}.MinSizeRel|x64.Build.0 = MinSizeRel|x64
		{D4941DAA-D1EB-3A8D-8172-76EFF8BA601A}.RelWithDebInfo|x64.ActiveCfg = RelWithDebInfo|x64
		{D4941DAA-D1EB-3A8D-8172-76EFF8BA601A}.RelWithDebInfo|x64.Build.0 = RelWithDebInfo|x64
		{C6468E26-609F-3D67-8214-79135D51F806}.Debug|x64.ActiveCfg = Debug|x64
		{C6468E26-609F-3D67-8214-79135D51F806}.Debug|x64.Build.0 = Debug|x64
		{C6468E26-609F-3D67-8214-79135D51F806}.Release|x64.ActiveCfg = Release|x64
		{C6468E26-609F-3D67-8214-79135D51F806}.Release|x64.Build.0 = Release|x64
		{C6468E26-609F-3D67-8214-79135D51F806}.MinSizeRel|x64.ActiveCfg = MinSizeRel|x64
		{C6468E26-609F-3D67-8214-79135D51F806}.MinSizeRel|x64.Build.0 = MinSizeRel|x64
		{C6468E26-609F-3D67-8214-79135D51F806}.RelWithDebInfo|x64.ActiveCfg = RelWithDebInfo|x64
		{C6468E26-609F-3D67-8214-79135D51F806}.RelWithDebInfo|x64.Build.0 = RelWithDebInfo|x64
	EndGlobalSection
	GlobalSection(ExtensibilityGlobals) = postSolution
		SolutionGuid = {4228C65D-E6EB-3D36-B6B8-63227AAFFB57}
	EndGlobalSection
	GlobalSection(ExtensibilityAddIns) = postSolution
	EndGlobalSection
EndGlobal
